
Microsoft Visual Studio Solution File, Format Version 12.00
# Visual Studio 2012
Project("{FAE04EC0-301F-11D3-BF4B-00C04F79EFBC}") = "DOAPI", "DOAPI.csproj", "{DCA01BA9-B99E-4A20-AFFB-35B7A6210553}"
EndProject
Global
	GlobalSection(SolutionConfigurationPlatforms) = preSolution
		Debug|Any CPU = Debug|Any CPU
		Release|Any CPU = Release|Any CPU
	EndGlobalSection
	GlobalSection(ProjectConfigurationPlatforms) = postSolution
		{DCA01BA9-B99E-4A20-AFFB-35B7A6210553}.Debug|Any CPU.ActiveCfg = Debug|Any CPU
		{DCA01BA9-B99E-4A20-AFFB-35B7A6210553}.Debug|Any CPU.Build.0 = Debug|Any CPU
		{DCA01BA9-B99E-4A20-AFFB-35B7A6210553}.Release|Any CPU.ActiveCfg = Release|Any CPU
		{DCA01BA9-B99E-4A20-AFFB-35B7A6210553}.Release|Any CPU.Build.0 = Release|Any CPU
	EndGlobalSection
	GlobalSection(SolutionProperties) = preSolution
		HideSolutionNode = FALSE
	EndGlobalSection
EndGlobal
